
Microsoft Visual Studio Solution File, Format Version 12.00
# Visual Studio 15
VisualStudioVersion = 15.0.28307.329
MinimumVisualStudioVersion = 10.0.40219.1
Project("{FAE04EC0-301F-11D3-BF4B-00C04F79EFBC}") = "ORUComSys", "ORUComSys\ORUComSys.csproj", "{C5966DE8-B320-43AB-A330-59D2C1B238B6}"
EndProject
Project("{FAE04EC0-301F-11D3-BF4B-00C04F79EFBC}") = "Datalayer", "Datalayer\Datalayer.csproj", "{CD409C51-BC74-490F-B73F-C671D0D16551}"
EndProject
Global
	GlobalSection(SolutionConfigurationPlatforms) = preSolution
		Debug|Any CPU = Debug|Any CPU
		Release|Any CPU = Release|Any CPU
	EndGlobalSection
	GlobalSection(ProjectConfigurationPlatforms) = postSolution
		{C5966DE8-B320-43AB-A330-59D2C1B238B6}.Debug|Any CPU.ActiveCfg = Debug|Any CPU
		{C5966DE8-B320-43AB-A330-59D2C1B238B6}.Debug|Any CPU.Build.0 = Debug|Any CPU
		{C5966DE8-B320-43AB-A330-59D2C1B238B6}.Release|Any CPU.ActiveCfg = Release|Any CPU
		{C5966DE8-B320-43AB-A330-59D2C1B238B6}.Release|Any CPU.Build.0 = Release|Any CPU
		{CD409C51-BC74-490F-B73F-C671D0D16551}.Debug|Any CPU.ActiveCfg = Debug|Any CPU
		{CD409C51-BC74-490F-B73F-C671D0D16551}.Debug|Any CPU.Build.0 = Debug|Any CPU
		{CD409C51-BC74-490F-B73F-C671D0D16551}.Release|Any CPU.ActiveCfg = Release|Any CPU
		{CD409C51-BC74-490F-B73F-C671D0D16551}.Release|Any CPU.Build.0 = Release|Any CPU
	EndGlobalSection
	GlobalSection(SolutionProperties) = preSolution
		HideSolutionNode = FALSE
	EndGlobalSection
	GlobalSection(ExtensibilityGlobals) = postSolution
		SolutionGuid = {36A184D3-EAAA-4920-A367-3E3020626186}
	EndGlobalSection
EndGlobal
